
Microsoft Visual Studio Solution File, Format Version 12.00
# Visual Studio Version 17
VisualStudioVersion = 17.7.34003.232
MinimumVisualStudioVersion = 10.0.40219.1
Project("{9A19103F-16F7-4668-BE54-9A1E7A4F7556}") = "ACPP.API", "ACPP.API.csproj", "{CE0C3F90-DDEA-4D24-8514-9C84C388E5FE}"
EndProject
Global
	GlobalSection(SolutionConfigurationPlatforms) = preSolution
		Debug|Any CPU = Debug|Any CPU
		Release|Any CPU = Release|Any CPU
	EndGlobalSection
	GlobalSection(ProjectConfigurationPlatforms) = postSolution
		{CE0C3F90-DDEA-4D24-8514-9C84C388E5FE}.Debug|Any CPU.ActiveCfg = Debug|Any CPU
		{CE0C3F90-DDEA-4D24-8514-9C84C388E5FE}.Debug|Any CPU.Build.0 = Debug|Any CPU
		{CE0C3F90-DDEA-4D24-8514-9C84C388E5FE}.Release|Any CPU.ActiveCfg = Release|Any CPU
		{CE0C3F90-DDEA-4D24-8514-9C84C388E5FE}.Release|Any CPU.Build.0 = Release|Any CPU
		{9DA01302-21A5-4C4A-B00F-C07CDED8ACFE}.Debug|Any CPU.ActiveCfg = Debug|Any CPU
		{9DA01302-21A5-4C4A-B00F-C07CDED8ACFE}.Debug|Any CPU.Build.0 = Debug|Any CPU
		{9DA01302-21A5-4C4A-B00F-C07CDED8ACFE}.Release|Any CPU.ActiveCfg = Release|Any CPU
		{9DA01302-21A5-4C4A-B00F-C07CDED8ACFE}.Release|Any CPU.Build.0 = Release|Any CPU
	EndGlobalSection
	GlobalSection(SolutionProperties) = preSolution
		HideSolutionNode = FALSE
	EndGlobalSection
	GlobalSection(ExtensibilityGlobals) = postSolution
		SolutionGuid = {DA3D6EA0-B1E2-475D-96FC-91E3B4D2EDB4}
	EndGlobalSection
EndGlobal
